lockfileVersion: '6.0'

settings:
  autoInstallPeers: true
  excludeLinksFromLockfile: false

dependencies:
  '@prisma/client':
    specifier: 5.8.0
    version: 5.8.0(prisma@5.8.0)

devDependencies:
  prisma:
    specifier: ^5.8.0
    version: 5.8.0

packages:

  /@prisma/client@5.8.0(prisma@5.8.0):
    resolution: {integrity: sha512-QxO6C4MaA/ysTIbC+EcAH1aX/YkpymhXtO6zPdk+FvA7+59tNibIYpd+7koPdViLg2iKES4ojsxWNUGNJaEcbA==}
    engines: {node: '>=16.13'}
    requiresBuild: true
    peerDependencies:
      prisma: '*'
    peerDependenciesMeta:
      prisma:
        optional: true
    dependencies:
      prisma: 5.8.0
    dev: false

  /@prisma/debug@5.8.0:
    resolution: {integrity: sha512-ZqPpkvbovu/kQJ1bvy57NO4dw97fpQGcbQSCtsqlwSE1UNKJP75R3BKxdznk8ZPMY+GJdMRetWNv4oAvSbWn8Q==}

  /@prisma/engines-version@5.8.0-37.0a83d8541752d7582de2ebc1ece46519ce72a848:
    resolution: {integrity: sha512-cXcoVweYbnv8xRfkWq9oj8BECOdzHUazrSpYCa0ehp5TNz4l5Spa8jbq/VROCTzj3ZncH5D9Q2TmySYTOUeKlw==}

  /@prisma/engines@5.8.0:
    resolution: {integrity: sha512-Qhqm9WWLujNEC13AuZlUO14SQ15tNLe5puaz+tOk7UqINqJ3PtqMmuSuzomiw2diGVqZ+HYiSQzlR3+pPucVHA==}
    requiresBuild: true
    dependencies:
      '@prisma/debug': 5.8.0
      '@prisma/engines-version': 5.8.0-37.0a83d8541752d7582de2ebc1ece46519ce72a848
      '@prisma/fetch-engine': 5.8.0
      '@prisma/get-platform': 5.8.0

  /@prisma/fetch-engine@5.8.0:
    resolution: {integrity: sha512-1CAuE+JoYsPNggMEn6qk0zos06Uc9bYZBJ0VBPHD6R7REL05614koAbOCmn52IaYz3nobb7f25hqW6AY7rLkIw==}
    dependencies:
      '@prisma/debug': 5.8.0
      '@prisma/engines-version': 5.8.0-37.0a83d8541752d7582de2ebc1ece46519ce72a848
      '@prisma/get-platform': 5.8.0

  /@prisma/get-platform@5.8.0:
    resolution: {integrity: sha512-Nk3rhTFZ1LYkFZJnpSvQcLPCaBWgJQfteHII6UEENOOkYlmP0k3FuswND54tzzEr4qs39wOdV9pbXKX9U2lv7A==}
    dependencies:
      '@prisma/debug': 5.8.0

  /prisma@5.8.0:
    resolution: {integrity: sha512-hDKoEqPt2qEUTH5yGO3l27CBnPtwvte0CGMKrpCr9+/A919JghfqJ3qgCGgMbOwdkXUOzdho0RH9tyUF3UhpMw==}
    engines: {node: '>=16.13'}
    hasBin: true
    requiresBuild: true
    dependencies:
      '@prisma/engines': 5.8.0
